
Microsoft Visual Studio Solution File, Format Version 12.00
# Visual Studio Version 16
VisualStudioVersion = 16.0.31320.298
MinimumVisualStudioVersion = 10.0.40219.1
Project("{9A19103F-16F7-4668-BE54-9A1E7A4F7556}") = "YES.Server", "YES\Server\YES.Server.csproj", "{C398AFDD-6DB1-4BF2-BEA3-959C1D67459E}"
EndProject
Project("{9A19103F-16F7-4668-BE54-9A1E7A4F7556}") = "YES.Client", "YES\Client\YES.Client.csproj", "{857CF740-969D-46D2-B846-D85A15FDC2D2}"
EndProject
Project("{9A19103F-16F7-4668-BE54-9A1E7A4F7556}") = "YES.Shared", "YES\Shared\YES.Shared.csproj", "{C7AAA29A-92C7-4BD7-85AD-B7E0B17D24A1}"
EndProject
Project("{FAE04EC0-301F-11D3-BF4B-00C04F79EFBC}") = "YES.Mobile.UWP", "YES\Mobile\YES.Mobile\YES.Mobile.UWP\YES.Mobile.UWP.csproj", "{225E4729-21D2-414B-A68A-B8AACC5EDCC8}"
EndProject
Project("{FAE04EC0-301F-11D3-BF4B-00C04F79EFBC}") = "YES.Mobile.Android", "YES\Mobile\YES.Mobile\YES.Mobile.Android\YES.Mobile.Android.csproj", "{43F4EDD8-5564-4237-ABCA-410E1AC4D231}"
EndProject
Project("{9A19103F-16F7-4668-BE54-9A1E7A4F7556}") = "YES.Mobile", "YES\Mobile\YES.Mobile\YES.Mobile\YES.Mobile.csproj", "{C7F021FA-C0D3-443D-BDB6-BBB413403CD2}"
EndProject
Project("{FAE04EC0-301F-11D3-BF4B-00C04F79EFBC}") = "YES.API", "YES.API\YES.API.csproj", "{1DF46D90-FBB8-423A-9F58-F57A1DCFC697}"
EndProject
Global
	GlobalSection(SolutionConfigurationPlatforms) = preSolution
		Debug|Any CPU = Debug|Any CPU
		Debug|ARM = Debug|ARM
		Debug|iPhone = Debug|iPhone
		Debug|iPhoneSimulator = Debug|iPhoneSimulator
		Debug|x64 = Debug|x64
		Debug|x86 = Debug|x86
		Release|Any CPU = Release|Any CPU
		Release|ARM = Release|ARM
		Release|iPhone = Release|iPhone
		Release|iPhoneSimulator = Release|iPhoneSimulator
		Release|x64 = Release|x64
		Release|x86 = Release|x86
	EndGlobalSection
	GlobalSection(ProjectConfigurationPlatforms) = postSolution
		{C398AFDD-6DB1-4BF2-BEA3-959C1D67459E}.Debug|Any CPU.ActiveCfg = Debug|Any CPU
		{C398AFDD-6DB1-4BF2-BEA3-959C1D67459E}.Debug|Any CPU.Build.0 = Debug|Any CPU
		{C398AFDD-6DB1-4BF2-BEA3-959C1D67459E}.Debug|ARM.ActiveCfg = Debug|Any CPU
		{C398AFDD-6DB1-4BF2-BEA3-959C1D67459E}.Debug|ARM.Build.0 = Debug|Any CPU
		{C398AFDD-6DB1-4BF2-BEA3-959C1D67459E}.Debug|iPhone.ActiveCfg = Debug|Any CPU
		{C398AFDD-6DB1-4BF2-BEA3-959C1D67459E}.Debug|iPhone.Build.0 = Debug|Any CPU
		{C398AFDD-6DB1-4BF2-BEA3-959C1D67459E}.Debug|iPhoneSimulator.ActiveCfg = Debug|Any CPU
		{C398AFDD-6DB1-4BF2-BEA3-959C1D67459E}.Debug|iPhoneSimulator.Build.0 = Debug|Any CPU
		{C398AFDD-6DB1-4BF2-BEA3-959C1D67459E}.Debug|x64.ActiveCfg = Debug|Any CPU
		{C398AFDD-6DB1-4BF2-BEA3-959C1D67459E}.Debug|x64.Build.0 = Debug|Any CPU
		{C398AFDD-6DB1-4BF2-BEA3-959C1D67459E}.Debug|x86.ActiveCfg = Debug|Any CPU
		{C398AFDD-6DB1-4BF2-BEA3-959C1D67459E}.Debug|x86.Build.0 = Debug|Any CPU
		{C398AFDD-6DB1-4BF2-BEA3-959C1D67459E}.Release|Any CPU.ActiveCfg = Release|Any CPU
		{C398AFDD-6DB1-4BF2-BEA3-959C1D67459E}.Release|Any CPU.Build.0 = Release|Any CPU
		{C398AFDD-6DB1-4BF2-BEA3-959C1D67459E}.Release|ARM.ActiveCfg = Release|Any CPU
		{C398AFDD-6DB1-4BF2-BEA3-959C1D67459E}.Release|ARM.Build.0 = Release|Any CPU
		{C398AFDD-6DB1-4BF2-BEA3-959C1D67459E}.Release|iPhone.ActiveCfg = Release|Any CPU
		{C398AFDD-6DB1-4BF2-BEA3-959C1D67459E}.Release|iPhone.Build.0 = Release|Any CPU
		{C398AFDD-6DB1-4BF2-BEA3-959C1D67459E}.Release|iPhoneSimulator.ActiveCfg = Release|Any CPU
		{C398AFDD-6DB1-4BF2-BEA3-959C1D67459E}.Release|iPhoneSimulator.Build.0 = Release|Any CPU
		{C398AFDD-6DB1-4BF2-BEA3-959C1D67459E}.Release|x64.ActiveCfg = Release|Any CPU
		{C398AFDD-6DB1-4BF2-BEA3-959C1D67459E}.Release|x64.Build.0 = Release|Any CPU
		{C398AFDD-6DB1-4BF2-BEA3-959C1D67459E}.Release|x86.ActiveCfg = Release|Any CPU
		{C398AFDD-6DB1-4BF2-BEA3-959C1D67459E}.Release|x86.Build.0 = Release|Any CPU
		{857CF740-969D-46D2-B846-D85A15FDC2D2}.Debug|Any CPU.ActiveCfg = Debug|Any CPU
		{857CF740-969D-46D2-B846-D85A15FDC2D2}.Debug|Any CPU.Build.0 = Debug|Any CPU
		{857CF740-969D-46D2-B846-D85A15FDC2D2}.Debug|ARM.ActiveCfg = Debug|Any CPU
		{857CF740-969D-46D2-B846-D85A15FDC2D2}.Debug|ARM.Build.0 = Debug|Any CPU
		{857CF740-969D-46D2-B846-D85A15FDC2D2}.Debug|iPhone.ActiveCfg = Debug|Any CPU
		{857CF740-969D-46D2-B846-D85A15FDC2D2}.Debug|iPhone.Build.0 = Debug|Any CPU
		{857CF740-969D-46D2-B846-D85A15FDC2D2}.Debug|iPhoneSimulator.ActiveCfg = Debug|Any CPU
		{857CF740-969D-46D2-B846-D85A15FDC2D2}.Debug|iPhoneSimulator.Build.0 = Debug|Any CPU
		{857CF740-969D-46D2-B846-D85A15FDC2D2}.Debug|x64.ActiveCfg = Debug|Any CPU
		{857CF740-969D-46D2-B846-D85A15FDC2D2}.Debug|x64.Build.0 = Debug|Any CPU
		{857CF740-969D-46D2-B846-D85A15FDC2D2}.Debug|x86.ActiveCfg = Debug|Any CPU
		{857CF740-969D-46D2-B846-D85A15FDC2D2}.Debug|x86.Build.0 = Debug|Any CPU
		{857CF740-969D-46D2-B846-D85A15FDC2D2}.Release|Any CPU.ActiveCfg = Release|Any CPU
		{857CF740-969D-46D2-B846-D85A15FDC2D2}.Release|Any CPU.Build.0 = Release|Any CPU
		{857CF740-969D-46D2-B846-D85A15FDC2D2}.Release|ARM.ActiveCfg = Release|Any CPU
		{857CF740-969D-46D2-B846-D85A15FDC2D2}.Release|ARM.Build.0 = Release|Any CPU
		{857CF740-969D-46D2-B846-D85A15FDC2D2}.Release|iPhone.ActiveCfg = Release|Any CPU
		{857CF740-969D-46D2-B846-D85A15FDC2D2}.Release|iPhone.Build.0 = Release|Any CPU
		{857CF740-969D-46D2-B846-D85A15FDC2D2}.Release|iPhoneSimulator.ActiveCfg = Release|Any CPU
		{857CF740-969D-46D2-B846-D85A15FDC2D2}.Release|iPhoneSimulator.Build.0 = Release|Any CPU
		{857CF740-969D-46D2-B846-D85A15FDC2D2}.Release|x64.ActiveCfg = Release|Any CPU
		{857CF740-969D-46D2-B846-D85A15FDC2D2}.Release|x64.Build.0 = Release|Any CPU
		{857CF740-969D-46D2-B846-D85A15FDC2D2}.Release|x86.ActiveCfg = Release|Any CPU
		{857CF740-969D-46D2-B846-D85A15FDC2D2}.Release|x86.Build.0 = Release|Any CPU
		{C7AAA29A-92C7-4BD7-85AD-B7E0B17D24A1}.Debug|Any CPU.ActiveCfg = Debug|Any CPU
		{C7AAA29A-92C7-4BD7-85AD-B7E0B17D24A1}.Debug|Any CPU.Build.0 = Debug|Any CPU
		{C7AAA29A-92C7-4BD7-85AD-B7E0B17D24A1}.Debug|ARM.ActiveCfg = Debug|Any CPU
		{C7AAA29A-92C7-4BD7-85AD-B7E0B17D24A1}.Debug|ARM.Build.0 = Debug|Any CPU
		{C7AAA29A-92C7-4BD7-85AD-B7E0B17D24A1}.Debug|iPhone.ActiveCfg = Debug|Any CPU
		{C7AAA29A-92C7-4BD7-85AD-B7E0B17D24A1}.Debug|iPhone.Build.0 = Debug|Any CPU
		{C7AAA29A-92C7-4BD7-85AD-B7E0B17D24A1}.Debug|iPhoneSimulator.ActiveCfg = Debug|Any CPU
		{C7AAA29A-92C7-4BD7-85AD-B7E0B17D24A1}.Debug|iPhoneSimulator.Build.0 = Debug|Any CPU
		{C7AAA29A-92C7-4BD7-85AD-B7E0B17D24A1}.Debug|x64.ActiveCfg = Debug|Any CPU
		{C7AAA29A-92C7-4BD7-85AD-B7E0B17D24A1}.Debug|x64.Build.0 = Debug|Any CPU
		{C7AAA29A-92C7-4BD7-85AD-B7E0B17D24A1}.Debug|x86.ActiveCfg = Debug|Any CPU
		{C7AAA29A-92C7-4BD7-85AD-B7E0B17D24A1}.Debug|x86.Build.0 = Debug|Any CPU
		{C7AAA29A-92C7-4BD7-85AD-B7E0B17D24A1}.Release|Any CPU.ActiveCfg = Release|Any CPU
		{C7AAA29A-92C7-4BD7-85AD-B7E0B17D24A1}.Release|Any CPU.Build.0 = Release|Any CPU
		{C7AAA29A-92C7-4BD7-85AD-B7E0B17D24A1}.Release|ARM.ActiveCfg = Release|Any CPU
		{C7AAA29A-92C7-4BD7-85AD-B7E0B17D24A1}.Release|ARM.Build.0 = Release|Any CPU
		{C7AAA29A-92C7-4BD7-85AD-B7E0B17D24A1}.Release|iPhone.ActiveCfg = Release|Any CPU
		{C7AAA29A-92C7-4BD7-85AD-B7E0B17D24A1}.Release|iPhone.Build.0 = Release|Any CPU
		{C7AAA29A-92C7-4BD7-85AD-B7E0B17D24A1}.Release|iPhoneSimulator.ActiveCfg = Release|Any CPU
		{C7AAA29A-92C7-4BD7-85AD-B7E0B17D24A1}.Release|iPhoneSimulator.Build.0 = Release|Any CPU
		{C7AAA29A-92C7-4BD7-85AD-B7E0B17D24A1}.Release|x64.ActiveCfg = Release|Any CPU
		{C7AAA29A-92C7-4BD7-85AD-B7E0B17D24A1}.Release|x64.Build.0 = Release|Any CPU
		{C7AAA29A-92C7-4BD7-85AD-B7E0B17D24A1}.Release|x86.ActiveCfg = Release|Any CPU
		{C7AAA29A-92C7-4BD7-85AD-B7E0B17D24A1}.Release|x86.Build.0 = Release|Any CPU
		{225E4729-21D2-414B-A68A-B8AACC5EDCC8}.Debug|Any CPU.ActiveCfg = Debug|x86
		{225E4729-21D2-414B-A68A-B8AACC5EDCC8}.Debug|Any CPU.Build.0 = Debug|x86
		{225E4729-21D2-414B-A68A-B8AACC5EDCC8}.Debug|Any CPU.Deploy.0 = Debug|x86
		{225E4729-21D2-414B-A68A-B8AACC5EDCC8}.Debug|ARM.ActiveCfg = Debug|ARM
		{225E4729-21D2-414B-A68A-B8AACC5EDCC8}.Debug|ARM.Build.0 = Debug|ARM
		{225E4729-21D2-414B-A68A-B8AACC5EDCC8}.Debug|ARM.Deploy.0 = Debug|ARM
		{225E4729-21D2-414B-A68A-B8AACC5EDCC8}.Debug|iPhone.ActiveCfg = Debug|x86
		{225E4729-21D2-414B-A68A-B8AACC5EDCC8}.Debug|iPhoneSimulator.ActiveCfg = Debug|x86
		{225E4729-21D2-414B-A68A-B8AACC5EDCC8}.Debug|x64.ActiveCfg = Debug|x64
		{225E4729-21D2-414B-A68A-B8AACC5EDCC8}.Debug|x64.Build.0 = Debug|x64
		{225E4729-21D2-414B-A68A-B8AACC5EDCC8}.Debug|x64.Deploy.0 = Debug|x64
		{225E4729-21D2-414B-A68A-B8AACC5EDCC8}.Debug|x86.ActiveCfg = Debug|x86
		{225E4729-21D2-414B-A68A-B8AACC5EDCC8}.Debug|x86.Build.0 = Debug|x86
		{225E4729-21D2-414B-A68A-B8AACC5EDCC8}.Debug|x86.Deploy.0 = Debug|x86
		{225E4729-21D2-414B-A68A-B8AACC5EDCC8}.Release|Any CPU.ActiveCfg = Release|x86
		{225E4729-21D2-414B-A68A-B8AACC5EDCC8}.Release|ARM.ActiveCfg = Release|ARM
		{225E4729-21D2-414B-A68A-B8AACC5EDCC8}.Release|ARM.Build.0 = Release|ARM
		{225E4729-21D2-414B-A68A-B8AACC5EDCC8}.Release|ARM.Deploy.0 = Release|ARM
		{225E4729-21D2-414B-A68A-B8AACC5EDCC8}.Release|iPhone.ActiveCfg = Release|x86
		{225E4729-21D2-414B-A68A-B8AACC5EDCC8}.Release|iPhoneSimulator.ActiveCfg = Release|x86
		{225E4729-21D2-414B-A68A-B8AACC5EDCC8}.Release|x64.ActiveCfg = Release|x64
		{225E4729-21D2-414B-A68A-B8AACC5EDCC8}.Release|x64.Build.0 = Release|x64
		{225E4729-21D2-414B-A68A-B8AACC5EDCC8}.Release|x64.Deploy.0 = Release|x64
		{225E4729-21D2-414B-A68A-B8AACC5EDCC8}.Release|x86.ActiveCfg = Release|x86
		{225E4729-21D2-414B-A68A-B8AACC5EDCC8}.Release|x86.Build.0 = Release|x86
		{225E4729-21D2-414B-A68A-B8AACC5EDCC8}.Release|x86.Deploy.0 = Release|x86
		{43F4EDD8-5564-4237-ABCA-410E1AC4D231}.Debug|Any CPU.ActiveCfg = Debug|Any CPU
		{43F4EDD8-5564-4237-ABCA-410E1AC4D231}.Debug|Any CPU.Build.0 = Debug|Any CPU
		{43F4EDD8-5564-4237-ABCA-410E1AC4D231}.Debug|Any CPU.Deploy.0 = Debug|Any CPU
		{43F4EDD8-5564-4237-ABCA-410E1AC4D231}.Debug|ARM.ActiveCfg = Debug|Any CPU
		{43F4EDD8-5564-4237-ABCA-410E1AC4D231}.Debug|ARM.Build.0 = Debug|Any CPU
		{43F4EDD8-5564-4237-ABCA-410E1AC4D231}.Debug|ARM.Deploy.0 = Debug|Any CPU
		{43F4EDD8-5564-4237-ABCA-410E1AC4D231}.Debug|iPhone.ActiveCfg = Debug|Any CPU
		{43F4EDD8-5564-4237-ABCA-410E1AC4D231}.Debug|iPhone.Build.0 = Debug|Any CPU
		{43F4EDD8-5564-4237-ABCA-410E1AC4D231}.Debug|iPhone.Deploy.0 = Debug|Any CPU
		{43F4EDD8-5564-4237-ABCA-410E1AC4D231}.Debug|iPhoneSimulator.ActiveCfg = Debug|Any CPU
		{43F4EDD8-5564-4237-ABCA-410E1AC4D231}.Debug|iPhoneSimulator.Build.0 = Debug|Any CPU
		{43F4EDD8-5564-4237-ABCA-410E1AC4D231}.Debug|iPhoneSimulator.Deploy.0 = Debug|Any CPU
		{43F4EDD8-5564-4237-ABCA-410E1AC4D231}.Debug|x64.ActiveCfg = Debug|Any CPU
		{43F4EDD8-5564-4237-ABCA-410E1AC4D231}.Debug|x64.Build.0 = Debug|Any CPU
		{43F4EDD8-5564-4237-ABCA-410E1AC4D231}.Debug|x64.Deploy.0 = Debug|Any CPU
		{43F4EDD8-5564-4237-ABCA-410E1AC4D231}.Debug|x86.ActiveCfg = Debug|Any CPU
		{43F4EDD8-5564-4237-ABCA-410E1AC4D231}.Debug|x86.Build.0 = Debug|Any CPU
		{43F4EDD8-5564-4237-ABCA-410E1AC4D231}.Debug|x86.Deploy.0 = Debug|Any CPU
		{43F4EDD8-5564-4237-ABCA-410E1AC4D231}.Release|Any CPU.ActiveCfg = Release|Any CPU
		{43F4EDD8-5564-4237-ABCA-410E1AC4D231}.Release|Any CPU.Build.0 = Release|Any CPU
		{43F4EDD8-5564-4237-ABCA-410E1AC4D231}.Release|Any CPU.Deploy.0 = Release|Any CPU
		{43F4EDD8-5564-4237-ABCA-410E1AC4D231}.Release|ARM.ActiveCfg = Release|Any CPU
		{43F4EDD8-5564-4237-ABCA-410E1AC4D231}.Release|ARM.Build.0 = Release|Any CPU
		{43F4EDD8-5564-4237-ABCA-410E1AC4D231}.Release|ARM.Deploy.0 = Release|Any CPU
		{43F4EDD8-5564-4237-ABCA-410E1AC4D231}.Release|iPhone.ActiveCfg = Release|Any CPU
		{43F4EDD8-5564-4237-ABCA-410E1AC4D231}.Release|iPhone.Build.0 = Release|Any CPU
		{43F4EDD8-5564-4237-ABCA-410E1AC4D231}.Release|iPhone.Deploy.0 = Release|Any CPU
		{43F4EDD8-5564-4237-ABCA-410E1AC4D231}.Release|iPhoneSimulator.ActiveCfg = Release|Any CPU
		{43F4EDD8-5564-4237-ABCA-410E1AC4D231}.Release|iPhoneSimulator.Build.0 = Release|Any CPU
		{43F4EDD8-5564-4237-ABCA-410E1AC4D231}.Release|iPhoneSimulator.Deploy.0 = Release|Any CPU
		{43F4EDD8-5564-4237-ABCA-410E1AC4D231}.Release|x64.ActiveCfg = Release|Any CPU
		{43F4EDD8-5564-4237-ABCA-410E1AC4D231}.Release|x64.Build.0 = Release|Any CPU
		{43F4EDD8-5564-4237-ABCA-410E1AC4D231}.Release|x64.Deploy.0 = Release|Any CPU
		{43F4EDD8-5564-4237-ABCA-410E1AC4D231}.Release|x86.ActiveCfg = Release|Any CPU
		{43F4EDD8-5564-4237-ABCA-410E1AC4D231}.Release|x86.Build.0 = Release|Any CPU
		{43F4EDD8-5564-4237-ABCA-410E1AC4D231}.Release|x86.Deploy.0 = Release|Any CPU
		{C7F021FA-C0D3-443D-BDB6-BBB413403CD2}.Debug|Any CPU.ActiveCfg = Debug|Any CPU
		{C7F021FA-C0D3-443D-BDB6-BBB413403CD2}.Debug|Any CPU.Build.0 = Debug|Any CPU
		{C7F021FA-C0D3-443D-BDB6-BBB413403CD2}.Debug|ARM.ActiveCfg = Debug|Any CPU
		{C7F021FA-C0D3-443D-BDB6-BBB413403CD2}.Debug|ARM.Build.0 = Debug|Any CPU
		{C7F021FA-C0D3-443D-BDB6-BBB413403CD2}.Debug|iPhone.ActiveCfg = Debug|Any CPU
		{C7F021FA-C0D3-443D-BDB6-BBB413403CD2}.Debug|iPhone.Build.0 = Debug|Any CPU
		{C7F021FA-C0D3-443D-BDB6-BBB413403CD2}.Debug|iPhoneSimulator.ActiveCfg = Debug|Any CPU
		{C7F021FA-C0D3-443D-BDB6-BBB413403CD2}.Debug|iPhoneSimulator.Build.0 = Debug|Any CPU
		{C7F021FA-C0D3-443D-BDB6-BBB413403CD2}.Debug|x64.ActiveCfg = Debug|Any CPU
		{C7F021FA-C0D3-443D-BDB6-BBB413403CD2}.Debug|x64.Build.0 = Debug|Any CPU
		{C7F021FA-C0D3-443D-BDB6-BBB413403CD2}.Debug|x86.ActiveCfg = Debug|Any CPU
		{C7F021FA-C0D3-443D-BDB6-BBB413403CD2}.Debug|x86.Build.0 = Debug|Any CPU
		{C7F021FA-C0D3-443D-BDB6-BBB413403CD2}.Release|Any CPU.ActiveCfg = Release|Any CPU
		{C7F021FA-C0D3-443D-BDB6-BBB413403CD2}.Release|Any CPU.Build.0 = Release|Any CPU
		{C7F021FA-C0D3-443D-BDB6-BBB413403CD2}.Release|ARM.ActiveCfg = Release|Any CPU
		{C7F021FA-C0D3-443D-BDB6-BBB413403CD2}.Release|ARM.Build.0 = Release|Any CPU
		{C7F021FA-C0D3-443D-BDB6-BBB413403CD2}.Release|iPhone.ActiveCfg = Release|Any CPU
		{C7F021FA-C0D3-443D-BDB6-BBB413403CD2}.Release|iPhone.Build.0 = Release|Any CPU
		{C7F021FA-C0D3-443D-BDB6-BBB413403CD2}.Release|iPhoneSimulator.ActiveCfg = Release|Any CPU
		{C7F021FA-C0D3-443D-BDB6-BBB413403CD2}.Release|iPhoneSimulator.Build.0 = Release|Any CPU
		{C7F021FA-C0D3-443D-BDB6-BBB413403CD2}.Release|x64.ActiveCfg = Release|Any CPU
		{C7F021FA-C0D3-443D-BDB6-BBB413403CD2}.Release|x64.Build.0 = Release|Any CPU
		{C7F021FA-C0D3-443D-BDB6-BBB413403CD2}.Release|x86.ActiveCfg = Release|Any CPU
		{C7F021FA-C0D3-443D-BDB6-BBB413403CD2}.Release|x86.Build.0 = Release|Any CPU
		{1DF46D90-FBB8-423A-9F58-F57A1DCFC697}.Debug|Any CPU.ActiveCfg = Debug|Any CPU
		{1DF46D90-FBB8-423A-9F58-F57A1DCFC697}.Debug|Any CPU.Build.0 = Debug|Any CPU
		{1DF46D90-FBB8-423A-9F58-F57A1DCFC697}.Debug|ARM.ActiveCfg = Debug|Any CPU
		{1DF46D90-FBB8-423A-9F58-F57A1DCFC697}.Debug|ARM.Build.0 = Debug|Any CPU
		{1DF46D90-FBB8-423A-9F58-F57A1DCFC697}.Debug|iPhone.ActiveCfg = Debug|Any CPU
		{1DF46D90-FBB8-423A-9F58-F57A1DCFC697}.Debug|iPhone.Build.0 = Debug|Any CPU
		{1DF46D90-FBB8-423A-9F58-F57A1DCFC697}.Debug|iPhoneSimulator.ActiveCfg = Debug|Any CPU
		{1DF46D90-FBB8-423A-9F58-F57A1DCFC697}.Debug|iPhoneSimulator.Build.0 = Debug|Any CPU
		{1DF46D90-FBB8-423A-9F58-F57A1DCFC697}.Debug|x64.ActiveCfg = Debug|Any CPU
		{1DF46D90-FBB8-423A-9F58-F57A1DCFC697}.Debug|x64.Build.0 = Debug|Any CPU
		{1DF46D90-FBB8-423A-9F58-F57A1DCFC697}.Debug|x86.ActiveCfg = Debug|Any CPU
		{1DF46D90-FBB8-423A-9F58-F57A1DCFC697}.Debug|x86.Build.0 = Debug|Any CPU
		{1DF46D90-FBB8-423A-9F58-F57A1DCFC697}.Release|Any CPU.ActiveCfg = Release|Any CPU
		{1DF46D90-FBB8-423A-9F58-F57A1DCFC697}.Release|Any CPU.Build.0 = Release|Any CPU
		{1DF46D90-FBB8-423A-9F58-F57A1DCFC697}.Release|ARM.ActiveCfg = Release|Any CPU
		{1DF46D90-FBB8-423A-9F58-F57A1DCFC697}.Release|ARM.Build.0 = Release|Any CPU
		{1DF46D90-FBB8-423A-9F58-F57A1DCFC697}.Release|iPhone.ActiveCfg = Release|Any CPU
		{1DF46D90-FBB8-423A-9F58-F57A1DCFC697}.Release|iPhone.Build.0 = Release|Any CPU
		{1DF46D90-FBB8-423A-9F58-F57A1DCFC697}.Release|iPhoneSimulator.ActiveCfg = Release|Any CPU
		{1DF46D90-FBB8-423A-9F58-F57A1DCFC697}.Release|iPhoneSimulator.Build.0 = Release|Any CPU
		{1DF46D90-FBB8-423A-9F58-F57A1DCFC697}.Release|x64.ActiveCfg = Release|Any CPU
		{1DF46D90-FBB8-423A-9F58-F57A1DCFC697}.Release|x64.Build.0 = Release|Any CPU
		{1DF46D90-FBB8-423A-9F58-F57A1DCFC697}.Release|x86.ActiveCfg = Release|Any CPU
		{1DF46D90-FBB8-423A-9F58-F57A1DCFC697}.Release|x86.Build.0 = Release|Any CPU
	EndGlobalSection
	GlobalSection(SolutionProperties) = preSolution
		HideSolutionNode = FALSE
	EndGlobalSection
	GlobalSection(ExtensibilityGlobals) = postSolution
		SolutionGuid = {FE417423-F430-4AF0-99BB-E5506ABF4037}
	EndGlobalSection
EndGlobal
