
Microsoft Visual Studio Solution File, Format Version 12.00
# Visual Studio Version 16
VisualStudioVersion = 16.0.31320.298
MinimumVisualStudioVersion = 10.0.40219.1
Project("{9A19103F-16F7-4668-BE54-9A1E7A4F7556}") = "YES.Server", "YES\Server\YES.Server.csproj", "{C398AFDD-6DB1-4BF2-BEA3-959C1D67459E}"
EndProject
Project("{9A19103F-16F7-4668-BE54-9A1E7A4F7556}") = "YES.Client", "YES\Client\YES.Client.csproj", "{857CF740-969D-46D2-B846-D85A15FDC2D2}"
EndProject
Project("{9A19103F-16F7-4668-BE54-9A1E7A4F7556}") = "YES.Shared", "YES\Shared\YES.Shared.csproj", "{C7AAA29A-92C7-4BD7-85AD-B7E0B17D24A1}"
EndProject
Project("{FAE04EC0-301F-11D3-BF4B-00C04F79EFBC}") = "YESMobile.UWP", "YESMobile\YESMobile.UWP\YESMobile.UWP.csproj", "{BEFEE664-5714-4AEA-839D-40FC2F622FC5}"
EndProject
Project("{FAE04EC0-301F-11D3-BF4B-00C04F79EFBC}") = "YESMobile.Android", "YESMobile\YESMobile.Android\YESMobile.Android.csproj", "{FDFF502D-0EE6-49EC-8FA3-81D4D4E9123A}"
EndProject
Project("{9A19103F-16F7-4668-BE54-9A1E7A4F7556}") = "YESMobile", "YESMobile\YESMobile\YESMobile.csproj", "{D367A6E1-36AC-428F-A91F-EF1EF27CB9EA}"
EndProject
Global
	GlobalSection(SolutionConfigurationPlatforms) = preSolution
		Debug|Any CPU = Debug|Any CPU
		Debug|ARM = Debug|ARM
		Debug|x64 = Debug|x64
		Debug|x86 = Debug|x86
		Release|Any CPU = Release|Any CPU
		Release|ARM = Release|ARM
		Release|x64 = Release|x64
		Release|x86 = Release|x86
	EndGlobalSection
	GlobalSection(ProjectConfigurationPlatforms) = postSolution
		{C398AFDD-6DB1-4BF2-BEA3-959C1D67459E}.Debug|Any CPU.ActiveCfg = Debug|Any CPU
		{C398AFDD-6DB1-4BF2-BEA3-959C1D67459E}.Debug|Any CPU.Build.0 = Debug|Any CPU
		{C398AFDD-6DB1-4BF2-BEA3-959C1D67459E}.Debug|ARM.ActiveCfg = Debug|Any CPU
		{C398AFDD-6DB1-4BF2-BEA3-959C1D67459E}.Debug|ARM.Build.0 = Debug|Any CPU
		{C398AFDD-6DB1-4BF2-BEA3-959C1D67459E}.Debug|x64.ActiveCfg = Debug|Any CPU
		{C398AFDD-6DB1-4BF2-BEA3-959C1D67459E}.Debug|x64.Build.0 = Debug|Any CPU
		{C398AFDD-6DB1-4BF2-BEA3-959C1D67459E}.Debug|x86.ActiveCfg = Debug|Any CPU
		{C398AFDD-6DB1-4BF2-BEA3-959C1D67459E}.Debug|x86.Build.0 = Debug|Any CPU
		{C398AFDD-6DB1-4BF2-BEA3-959C1D67459E}.Release|Any CPU.ActiveCfg = Release|Any CPU
		{C398AFDD-6DB1-4BF2-BEA3-959C1D67459E}.Release|Any CPU.Build.0 = Release|Any CPU
		{C398AFDD-6DB1-4BF2-BEA3-959C1D67459E}.Release|ARM.ActiveCfg = Release|Any CPU
		{C398AFDD-6DB1-4BF2-BEA3-959C1D67459E}.Release|ARM.Build.0 = Release|Any CPU
		{C398AFDD-6DB1-4BF2-BEA3-959C1D67459E}.Release|x64.ActiveCfg = Release|Any CPU
		{C398AFDD-6DB1-4BF2-BEA3-959C1D67459E}.Release|x64.Build.0 = Release|Any CPU
		{C398AFDD-6DB1-4BF2-BEA3-959C1D67459E}.Release|x86.ActiveCfg = Release|Any CPU
		{C398AFDD-6DB1-4BF2-BEA3-959C1D67459E}.Release|x86.Build.0 = Release|Any CPU
		{857CF740-969D-46D2-B846-D85A15FDC2D2}.Debug|Any CPU.ActiveCfg = Debug|Any CPU
		{857CF740-969D-46D2-B846-D85A15FDC2D2}.Debug|Any CPU.Build.0 = Debug|Any CPU
		{857CF740-969D-46D2-B846-D85A15FDC2D2}.Debug|ARM.ActiveCfg = Debug|Any CPU
		{857CF740-969D-46D2-B846-D85A15FDC2D2}.Debug|ARM.Build.0 = Debug|Any CPU
		{857CF740-969D-46D2-B846-D85A15FDC2D2}.Debug|x64.ActiveCfg = Debug|Any CPU
		{857CF740-969D-46D2-B846-D85A15FDC2D2}.Debug|x64.Build.0 = Debug|Any CPU
		{857CF740-969D-46D2-B846-D85A15FDC2D2}.Debug|x86.ActiveCfg = Debug|Any CPU
		{857CF740-969D-46D2-B846-D85A15FDC2D2}.Debug|x86.Build.0 = Debug|Any CPU
		{857CF740-969D-46D2-B846-D85A15FDC2D2}.Release|Any CPU.ActiveCfg = Release|Any CPU
		{857CF740-969D-46D2-B846-D85A15FDC2D2}.Release|Any CPU.Build.0 = Release|Any CPU
		{857CF740-969D-46D2-B846-D85A15FDC2D2}.Release|ARM.ActiveCfg = Release|Any CPU
		{857CF740-969D-46D2-B846-D85A15FDC2D2}.Release|ARM.Build.0 = Release|Any CPU
		{857CF740-969D-46D2-B846-D85A15FDC2D2}.Release|x64.ActiveCfg = Release|Any CPU
		{857CF740-969D-46D2-B846-D85A15FDC2D2}.Release|x64.Build.0 = Release|Any CPU
		{857CF740-969D-46D2-B846-D85A15FDC2D2}.Release|x86.ActiveCfg = Release|Any CPU
		{857CF740-969D-46D2-B846-D85A15FDC2D2}.Release|x86.Build.0 = Release|Any CPU
		{C7AAA29A-92C7-4BD7-85AD-B7E0B17D24A1}.Debug|Any CPU.ActiveCfg = Debug|Any CPU
		{C7AAA29A-92C7-4BD7-85AD-B7E0B17D24A1}.Debug|Any CPU.Build.0 = Debug|Any CPU
		{C7AAA29A-92C7-4BD7-85AD-B7E0B17D24A1}.Debug|ARM.ActiveCfg = Debug|Any CPU
		{C7AAA29A-92C7-4BD7-85AD-B7E0B17D24A1}.Debug|ARM.Build.0 = Debug|Any CPU
		{C7AAA29A-92C7-4BD7-85AD-B7E0B17D24A1}.Debug|x64.ActiveCfg = Debug|Any CPU
		{C7AAA29A-92C7-4BD7-85AD-B7E0B17D24A1}.Debug|x64.Build.0 = Debug|Any CPU
		{C7AAA29A-92C7-4BD7-85AD-B7E0B17D24A1}.Debug|x86.ActiveCfg = Debug|Any CPU
		{C7AAA29A-92C7-4BD7-85AD-B7E0B17D24A1}.Debug|x86.Build.0 = Debug|Any CPU
		{C7AAA29A-92C7-4BD7-85AD-B7E0B17D24A1}.Release|Any CPU.ActiveCfg = Release|Any CPU
		{C7AAA29A-92C7-4BD7-85AD-B7E0B17D24A1}.Release|Any CPU.Build.0 = Release|Any CPU
		{C7AAA29A-92C7-4BD7-85AD-B7E0B17D24A1}.Release|ARM.ActiveCfg = Release|Any CPU
		{C7AAA29A-92C7-4BD7-85AD-B7E0B17D24A1}.Release|ARM.Build.0 = Release|Any CPU
		{C7AAA29A-92C7-4BD7-85AD-B7E0B17D24A1}.Release|x64.ActiveCfg = Release|Any CPU
		{C7AAA29A-92C7-4BD7-85AD-B7E0B17D24A1}.Release|x64.Build.0 = Release|Any CPU
		{C7AAA29A-92C7-4BD7-85AD-B7E0B17D24A1}.Release|x86.ActiveCfg = Release|Any CPU
		{C7AAA29A-92C7-4BD7-85AD-B7E0B17D24A1}.Release|x86.Build.0 = Release|Any CPU
		{BEFEE664-5714-4AEA-839D-40FC2F622FC5}.Debug|Any CPU.ActiveCfg = Debug|x86
		{BEFEE664-5714-4AEA-839D-40FC2F622FC5}.Debug|Any CPU.Build.0 = Debug|x86
		{BEFEE664-5714-4AEA-839D-40FC2F622FC5}.Debug|Any CPU.Deploy.0 = Debug|x86
		{BEFEE664-5714-4AEA-839D-40FC2F622FC5}.Debug|ARM.ActiveCfg = Debug|ARM
		{BEFEE664-5714-4AEA-839D-40FC2F622FC5}.Debug|ARM.Build.0 = Debug|ARM
		{BEFEE664-5714-4AEA-839D-40FC2F622FC5}.Debug|ARM.Deploy.0 = Debug|ARM
		{BEFEE664-5714-4AEA-839D-40FC2F622FC5}.Debug|x64.ActiveCfg = Debug|x64
		{BEFEE664-5714-4AEA-839D-40FC2F622FC5}.Debug|x64.Build.0 = Debug|x64
		{BEFEE664-5714-4AEA-839D-40FC2F622FC5}.Debug|x64.Deploy.0 = Debug|x64
		{BEFEE664-5714-4AEA-839D-40FC2F622FC5}.Debug|x86.ActiveCfg = Debug|x86
		{BEFEE664-5714-4AEA-839D-40FC2F622FC5}.Debug|x86.Build.0 = Debug|x86
		{BEFEE664-5714-4AEA-839D-40FC2F622FC5}.Debug|x86.Deploy.0 = Debug|x86
		{BEFEE664-5714-4AEA-839D-40FC2F622FC5}.Release|Any CPU.ActiveCfg = Release|x86
		{BEFEE664-5714-4AEA-839D-40FC2F622FC5}.Release|ARM.ActiveCfg = Release|ARM
		{BEFEE664-5714-4AEA-839D-40FC2F622FC5}.Release|ARM.Build.0 = Release|ARM
		{BEFEE664-5714-4AEA-839D-40FC2F622FC5}.Release|ARM.Deploy.0 = Release|ARM
		{BEFEE664-5714-4AEA-839D-40FC2F622FC5}.Release|x64.ActiveCfg = Release|x64
		{BEFEE664-5714-4AEA-839D-40FC2F622FC5}.Release|x64.Build.0 = Release|x64
		{BEFEE664-5714-4AEA-839D-40FC2F622FC5}.Release|x64.Deploy.0 = Release|x64
		{BEFEE664-5714-4AEA-839D-40FC2F622FC5}.Release|x86.ActiveCfg = Release|x86
		{BEFEE664-5714-4AEA-839D-40FC2F622FC5}.Release|x86.Build.0 = Release|x86
		{BEFEE664-5714-4AEA-839D-40FC2F622FC5}.Release|x86.Deploy.0 = Release|x86
		{FDFF502D-0EE6-49EC-8FA3-81D4D4E9123A}.Debug|Any CPU.ActiveCfg = Debug|Any CPU
		{FDFF502D-0EE6-49EC-8FA3-81D4D4E9123A}.Debug|Any CPU.Build.0 = Debug|Any CPU
		{FDFF502D-0EE6-49EC-8FA3-81D4D4E9123A}.Debug|Any CPU.Deploy.0 = Debug|Any CPU
		{FDFF502D-0EE6-49EC-8FA3-81D4D4E9123A}.Debug|ARM.ActiveCfg = Debug|Any CPU
		{FDFF502D-0EE6-49EC-8FA3-81D4D4E9123A}.Debug|ARM.Build.0 = Debug|Any CPU
		{FDFF502D-0EE6-49EC-8FA3-81D4D4E9123A}.Debug|ARM.Deploy.0 = Debug|Any CPU
		{FDFF502D-0EE6-49EC-8FA3-81D4D4E9123A}.Debug|x64.ActiveCfg = Debug|Any CPU
		{FDFF502D-0EE6-49EC-8FA3-81D4D4E9123A}.Debug|x64.Build.0 = Debug|Any CPU
		{FDFF502D-0EE6-49EC-8FA3-81D4D4E9123A}.Debug|x64.Deploy.0 = Debug|Any CPU
		{FDFF502D-0EE6-49EC-8FA3-81D4D4E9123A}.Debug|x86.ActiveCfg = Debug|Any CPU
		{FDFF502D-0EE6-49EC-8FA3-81D4D4E9123A}.Debug|x86.Build.0 = Debug|Any CPU
		{FDFF502D-0EE6-49EC-8FA3-81D4D4E9123A}.Debug|x86.Deploy.0 = Debug|Any CPU
		{FDFF502D-0EE6-49EC-8FA3-81D4D4E9123A}.Release|Any CPU.ActiveCfg = Release|Any CPU
		{FDFF502D-0EE6-49EC-8FA3-81D4D4E9123A}.Release|Any CPU.Build.0 = Release|Any CPU
		{FDFF502D-0EE6-49EC-8FA3-81D4D4E9123A}.Release|Any CPU.Deploy.0 = Release|Any CPU
		{FDFF502D-0EE6-49EC-8FA3-81D4D4E9123A}.Release|ARM.ActiveCfg = Release|Any CPU
		{FDFF502D-0EE6-49EC-8FA3-81D4D4E9123A}.Release|ARM.Build.0 = Release|Any CPU
		{FDFF502D-0EE6-49EC-8FA3-81D4D4E9123A}.Release|ARM.Deploy.0 = Release|Any CPU
		{FDFF502D-0EE6-49EC-8FA3-81D4D4E9123A}.Release|x64.ActiveCfg = Release|Any CPU
		{FDFF502D-0EE6-49EC-8FA3-81D4D4E9123A}.Release|x64.Build.0 = Release|Any CPU
		{FDFF502D-0EE6-49EC-8FA3-81D4D4E9123A}.Release|x64.Deploy.0 = Release|Any CPU
		{FDFF502D-0EE6-49EC-8FA3-81D4D4E9123A}.Release|x86.ActiveCfg = Release|Any CPU
		{FDFF502D-0EE6-49EC-8FA3-81D4D4E9123A}.Release|x86.Build.0 = Release|Any CPU
		{FDFF502D-0EE6-49EC-8FA3-81D4D4E9123A}.Release|x86.Deploy.0 = Release|Any CPU
		{D367A6E1-36AC-428F-A91F-EF1EF27CB9EA}.Debug|Any CPU.ActiveCfg = Debug|Any CPU
		{D367A6E1-36AC-428F-A91F-EF1EF27CB9EA}.Debug|Any CPU.Build.0 = Debug|Any CPU
		{D367A6E1-36AC-428F-A91F-EF1EF27CB9EA}.Debug|ARM.ActiveCfg = Debug|Any CPU
		{D367A6E1-36AC-428F-A91F-EF1EF27CB9EA}.Debug|ARM.Build.0 = Debug|Any CPU
		{D367A6E1-36AC-428F-A91F-EF1EF27CB9EA}.Debug|x64.ActiveCfg = Debug|Any CPU
		{D367A6E1-36AC-428F-A91F-EF1EF27CB9EA}.Debug|x64.Build.0 = Debug|Any CPU
		{D367A6E1-36AC-428F-A91F-EF1EF27CB9EA}.Debug|x86.ActiveCfg = Debug|Any CPU
		{D367A6E1-36AC-428F-A91F-EF1EF27CB9EA}.Debug|x86.Build.0 = Debug|Any CPU
		{D367A6E1-36AC-428F-A91F-EF1EF27CB9EA}.Release|Any CPU.ActiveCfg = Release|Any CPU
		{D367A6E1-36AC-428F-A91F-EF1EF27CB9EA}.Release|Any CPU.Build.0 = Release|Any CPU
		{D367A6E1-36AC-428F-A91F-EF1EF27CB9EA}.Release|ARM.ActiveCfg = Release|Any CPU
		{D367A6E1-36AC-428F-A91F-EF1EF27CB9EA}.Release|ARM.Build.0 = Release|Any CPU
		{D367A6E1-36AC-428F-A91F-EF1EF27CB9EA}.Release|x64.ActiveCfg = Release|Any CPU
		{D367A6E1-36AC-428F-A91F-EF1EF27CB9EA}.Release|x64.Build.0 = Release|Any CPU
		{D367A6E1-36AC-428F-A91F-EF1EF27CB9EA}.Release|x86.ActiveCfg = Release|Any CPU
		{D367A6E1-36AC-428F-A91F-EF1EF27CB9EA}.Release|x86.Build.0 = Release|Any CPU
	EndGlobalSection
	GlobalSection(SolutionProperties) = preSolution
		HideSolutionNode = FALSE
	EndGlobalSection
	GlobalSection(ExtensibilityGlobals) = postSolution
		SolutionGuid = {FE417423-F430-4AF0-99BB-E5506ABF4037}
	EndGlobalSection
EndGlobal
